# This file is automatically @generated by Cargo.
# It is not intended for manual editing.
version = 4

[[package]]
name = "allocator-api2"
version = "0.4.0"
source = "registry+https://github.com/rust-lang/crates.io-index"
checksum = "c880a97d28a3681c0267bd29cff89621202715b065127cd445fa0f0fe0aa2880"

[[package]]
name = "cc"
version = "1.4.0"
source = "registry+https://github.com/rust-lang/crates.io-index"
checksum = "5add81bb678e6cb321aff7fa0dc7689ad82b112dbc032cea19f91d6b8e3582b9"
dependencies = [
 "find-msvc-tools",
 "shlex",
]

[[package]]
name = "croaring"
version = "2.7.0"
source = "registry+https://github.com/rust-lang/crates.io-index"
checksum = "1923cfaba49fda0b2e27f16f3772e677b499621bdf016b9e40ffcb1ca0981d7e"
dependencies = [
 "allocator-api2",
 "croaring-sys",
]

[[package]]
name = "croaring-sys"
version = "4.7.1"
source = "registry+https://github.com/rust-lang/crates.io-index"
checksum = "62bdd6feb27873ce157167bd66e14893a4c1c6b46256b1434c0e4754649b99f5"
dependencies = [
 "cc",
]

[[package]]
name = "find-msvc-tools"
version = "0.1.9"
source = "registry+https://github.com/rust-lang/crates.io-index"
checksum = "5baebc0774151f905a1a2cc41989300b1e6fbb29aff0ceffa1064fdd3088d582"

[[package]]
name = "shlex"
version = "2.0.1"
source = "registry+https://github.com/rust-lang/crates.io-index"
checksum = "f8fadd59c855ef2080decdef8ff161eb6661b86933c9d82e5ba29dc602a55aba"

[[package]]
name = "tessera-authz"
version = "0.1.0"
dependencies = [
 "croaring",
]

[[package]]
name = "tessera-build"
version = "0.1.0"

[[package]]
name = "tessera-cli"
version = "0.1.0"

[[package]]
name = "tessera-engine"
version = "0.1.0"

[[package]]
name = "tessera-lifecycle"
version = "0.1.0"

[[package]]
name = "tessera-plugin"
version = "0.1.0"

[[package]]
name = "tessera-server"
version = "0.1.0"

[[package]]
name = "tessera-spatial"
version = "0.1.0"

[[package]]
name = "tessera-store"
version = "0.1.0"

[[package]]
name = "tessera-types"
version = "0.1.0"

[[package]]
name = "tessera-wire"
version = "0.1.0"
