# This file is automatically @generated by Cargo.
# It is not intended for manual editing.
version = 4

[[package]]
name = "allocator-api2"
version = "0.4.0"
source = "registry+https://github.com/rust-lang/crates.io-index"
checksum = "c880a97d28a3681c0267bd29cff89621202715b065127cd445fa0f0fe0aa2880"

[[package]]
name = "cc"
version = "1.4.2"
source = "registry+https://github.com/rust-lang/crates.io-index"
checksum = "5d262e149917187838d5b42777c8253bcb64500067342904e7d429499a6f277e"
dependencies = [
 "find-msvc-tools",
 "shlex",
]

[[package]]
name = "croaring"
version = "2.7.0"
source = "registry+https://github.com/rust-lang/crates.io-index"
checksum = "1923cfaba49fda0b2e27f16f3772e677b499621bdf016b9e40ffcb1ca0981d7e"
dependencies = [
 "allocator-api2",
 "croaring-sys",
]

[[package]]
name = "croaring-sys"
version = "4.7.1"
source = "registry+https://github.com/rust-lang/crates.io-index"
checksum = "62bdd6feb27873ce157167bd66e14893a4c1c6b46256b1434c0e4754649b99f5"
dependencies = [
 "cc",
]

[[package]]
name = "crossing"
version = "0.1.0"
dependencies = [
 "croaring",
 "tessera-types",
]

[[package]]
name = "find-msvc-tools"
version = "0.1.10"
source = "registry+https://github.com/rust-lang/crates.io-index"
checksum = "26b73573e6edcd2af0cdf47bd6cb58f0b3839491263c314eaad1ccf24430e1de"

[[package]]
name = "shlex"
version = "2.0.1"
source = "registry+https://github.com/rust-lang/crates.io-index"
checksum = "f8fadd59c855ef2080decdef8ff161eb6661b86933c9d82e5ba29dc602a55aba"

[[package]]
name = "tessera-types"
version = "0.1.0"
